
Microsoft Visual Studio Solution File, Format Version 12.00
# Visual Studio 15
VisualStudioVersion = 15.0.28307.329
MinimumVisualStudioVersion = 10.0.40219.1
Project("{FAE04EC0-301F-11D3-BF4B-00C04F79EFBC}") = "GraniteHouse", "GraniteHouse\GraniteHouse.csproj", "{B89E2EDD-A258-424D-9C81-DBA806744718}"
EndProject
Global
	GlobalSection(SolutionConfigurationPlatforms) = preSolution
		Debug|Any CPU = Debug|Any CPU
		Release|Any CPU = Release|Any CPU
	EndGlobalSection
	GlobalSection(ProjectConfigurationPlatforms) = postSolution
		{B89E2EDD-A258-424D-9C81-DBA806744718}.Debug|Any CPU.ActiveCfg = Debug|Any CPU
		{B89E2EDD-A258-424D-9C81-DBA806744718}.Debug|Any CPU.Build.0 = Debug|Any CPU
		{B89E2EDD-A258-424D-9C81-DBA806744718}.Release|Any CPU.ActiveCfg = Release|Any CPU
		{B89E2EDD-A258-424D-9C81-DBA806744718}.Release|Any CPU.Build.0 = Release|Any CPU
	EndGlobalSection
	GlobalSection(SolutionProperties) = preSolution
		HideSolutionNode = FALSE
	EndGlobalSection
	GlobalSection(ExtensibilityGlobals) = postSolution
		SolutionGuid = {24CD52DF-F602-49F9-A092-C3FDF8C8C007}
	EndGlobalSection
EndGlobal
